// !$*UTF8*$!
{
	archiveVersion = 1;
	classes = {
	};
	objectVersion = 50;
	objects = {

/* Begin PBXBuildFile section */
		A81960A42586768800100CB7 /* NetworkAPI.swift in Sources */ = {isa = PBXBuildFile; fileRef = A81960A32586768800100CB7 /* NetworkAPI.swift */; };
		A81960AC258676EF00100CB7 /* NetworkService.swift in Sources */ = {isa = PBXBuildFile; fileRef = A81960AB258676EF00100CB7 /* NetworkService.swift */; };
		A81960B12586771800100CB7 /* NetworkError.swift in Sources */ = {isa = PBXBuildFile; fileRef = A81960B02586771800100CB7 /* NetworkError.swift */; };
		A81960B62586775900100CB7 /* NetworkAPIEndPoint.swift in Sources */ = {isa = PBXBuildFile; fileRef = A81960B52586775900100CB7 /* NetworkAPIEndPoint.swift */; };
		A81960BB2586780C00100CB7 /* URLRequestable.swift in Sources */ = {isa = PBXBuildFile; fileRef = A81960BA2586780C00100CB7 /* URLRequestable.swift */; };
		A81960C025868D2A00100CB7 /* ImageDownloader.swift in Sources */ = {isa = PBXBuildFile; fileRef = A81960BF25868D2A00100CB7 /* ImageDownloader.swift */; };
		A81960C525868D5400100CB7 /* ImageOperation.swift in Sources */ = {isa = PBXBuildFile; fileRef = A81960C425868D5400100CB7 /* ImageOperation.swift */; };
		A81960D325868E6300100CB7 /* UIImageViewX.swift in Sources */ = {isa = PBXBuildFile; fileRef = A81960CB25868E6200100CB7 /* UIImageViewX.swift */; };
		A81960D425868E6300100CB7 /* UIViewControllerX.swift in Sources */ = {isa = PBXBuildFile; fileRef = A81960CC25868E6200100CB7 /* UIViewControllerX.swift */; };
		A81960D525868E6300100CB7 /* UIImageX.swift in Sources */ = {isa = PBXBuildFile; fileRef = A81960CD25868E6200100CB7 /* UIImageX.swift */; };
		A81960D625868E6300100CB7 /* FontX.swift in Sources */ = {isa = PBXBuildFile; fileRef = A81960CE25868E6200100CB7 /* FontX.swift */; };
		A81960D725868E6300100CB7 /* CollectionViewX.swift in Sources */ = {isa = PBXBuildFile; fileRef = A81960CF25868E6200100CB7 /* CollectionViewX.swift */; };
		A81960D825868E6300100CB7 /* ConstraintsX.swift in Sources */ = {isa = PBXBuildFile; fileRef = A81960D025868E6200100CB7 /* ConstraintsX.swift */; };
		A81960D925868E6300100CB7 /* ViewX.swift in Sources */ = {isa = PBXBuildFile; fileRef = A81960D125868E6200100CB7 /* ViewX.swift */; };
		A81960DA25868E6300100CB7 /* UIColorX.swift in Sources */ = {isa = PBXBuildFile; fileRef = A81960D225868E6200100CB7 /* UIColorX.swift */; };
		A81960E025868E9000100CB7 /* Constants.swift in Sources */ = {isa = PBXBuildFile; fileRef = A81960DF25868E9000100CB7 /* Constants.swift */; };
		A81960E6258691CB00100CB7 /* Reusable.swift in Sources */ = {isa = PBXBuildFile; fileRef = A81960E5258691CB00100CB7 /* Reusable.swift */; };
		A819612F2589164D00100CB7 /* GalleryProtocols.swift in Sources */ = {isa = PBXBuildFile; fileRef = A819612E2589164D00100CB7 /* GalleryProtocols.swift */; };
		A8519D622589397000070721 /* GalleryModels.swift in Sources */ = {isa = PBXBuildFile; fileRef = A8519D612589397000070721 /* GalleryModels.swift */; };
		A8519D67258939E700070721 /* GalleryViewModel.swift in Sources */ = {isa = PBXBuildFile; fileRef = A8519D66258939E700070721 /* GalleryViewModel.swift */; };
		A8519D6C25893B9300070721 /* GalleryVC.swift in Sources */ = {isa = PBXBuildFile; fileRef = A8519D6B25893B9300070721 /* GalleryVC.swift */; };
		A8519D7125893BF600070721 /* SearchVC.swift in Sources */ = {isa = PBXBuildFile; fileRef = A8519D7025893BF600070721 /* SearchVC.swift */; };
		A8519D7725893CE600070721 /* ImageCell.swift in Sources */ = {isa = PBXBuildFile; fileRef = A8519D7625893CE600070721 /* ImageCell.swift */; };
		A8519D7C258941AF00070721 /* FooterView.swift in Sources */ = {isa = PBXBuildFile; fileRef = A8519D7B258941AF00070721 /* FooterView.swift */; };
		A8519D81258943D500070721 /* GalleryPresenter.swift in Sources */ = {isa = PBXBuildFile; fileRef = A8519D80258943D500070721 /* GalleryPresenter.swift */; };
		A8519D8925894BBB00070721 /* GalleryInteractor.swift in Sources */ = {isa = PBXBuildFile; fileRef = A8519D8825894BBB00070721 /* GalleryInteractor.swift */; };
		A8519D9425894F7E00070721 /* GalleryModuleBuilder.swift in Sources */ = {isa = PBXBuildFile; fileRef = A8519D9325894F7E00070721 /* GalleryModuleBuilder.swift */; };
		A8519D992589501300070721 /* GalleryRouter.swift in Sources */ = {isa = PBXBuildFile; fileRef = A8519D982589501300070721 /* GalleryRouter.swift */; };
		A8519D9E258950D600070721 /* NavigationControllerX.swift in Sources */ = {isa = PBXBuildFile; fileRef = A8519D9D258950D600070721 /* NavigationControllerX.swift */; };
		A87F20A825866C3C007B9872 /* AppDelegate.swift in Sources */ = {isa = PBXBuildFile; fileRef = A87F20A725866C3C007B9872 /* AppDelegate.swift */; };
		A87F20AC25866C3C007B9872 /* ViewController.swift in Sources */ = {isa = PBXBuildFile; fileRef = A87F20AB25866C3C007B9872 /* ViewController.swift */; };
		A87F20B225866C3C007B9872 /* PixbayApp.xcdatamodeld in Sources */ = {isa = PBXBuildFile; fileRef = A87F20B025866C3C007B9872 /* PixbayApp.xcdatamodeld */; };
		A87F20B425866C3F007B9872 /* Assets.xcassets in Resources */ = {isa = PBXBuildFile; fileRef = A87F20B325866C3F007B9872 /* Assets.xcassets */; };
		A87F20B725866C3F007B9872 /* LaunchScreen.storyboard in Resources */ = {isa = PBXBuildFile; fileRef = A87F20B525866C3F007B9872 /* LaunchScreen.storyboard */; };
		A87F20C225866C3F007B9872 /* PixbayAppTests.swift in Sources */ = {isa = PBXBuildFile; fileRef = A87F20C125866C3F007B9872 /* PixbayAppTests.swift */; };
		A87F20CD25866C3F007B9872 /* PixbayAppUITests.swift in Sources */ = {isa = PBXBuildFile; fileRef = A87F20CC25866C3F007B9872 /* PixbayAppUITests.swift */; };
		A87F20E425866D0A007B9872 /* AppBuilder.swift in Sources */ = {isa = PBXBuildFile; fileRef = A87F20E325866D0A007B9872 /* AppBuilder.swift */; };
		A8923A03258A51CD00700D84 /* PhotoVC.swift in Sources */ = {isa = PBXBuildFile; fileRef = A8923A02258A51CD00700D84 /* PhotoVC.swift */; };
		A8FD755F258BB1CB00AAFA02 /* GalleryPageVC.swift in Sources */ = {isa = PBXBuildFile; fileRef = A8FD755E258BB1CB00AAFA02 /* GalleryPageVC.swift */; };
		A8FD7570258BDB1C00AAFA02 /* GalleryPagePresenter.swift in Sources */ = {isa = PBXBuildFile; fileRef = A8FD756F258BDB1C00AAFA02 /* GalleryPagePresenter.swift */; };
		A8FD7575258BDB5B00AAFA02 /* GalleryPageInteractor.swift in Sources */ = {isa = PBXBuildFile; fileRef = A8FD7574258BDB5B00AAFA02 /* GalleryPageInteractor.swift */; };
		A8FD757A258BDB6D00AAFA02 /* GalleryPageBuilder.swift in Sources */ = {isa = PBXBuildFile; fileRef = A8FD7579258BDB6D00AAFA02 /* GalleryPageBuilder.swift */; };
		A8FD757F258BDB8C00AAFA02 /* GalleryPageProtocols.swift in Sources */ = {isa = PBXBuildFile; fileRef = A8FD757E258BDB8C00AAFA02 /* GalleryPageProtocols.swift */; };
		A8FD7590258BFCDF00AAFA02 /* CacheManager.swift in Sources */ = {isa = PBXBuildFile; fileRef = A8FD758F258BFCDF00AAFA02 /* CacheManager.swift */; };
		A8FD7595258C05BD00AAFA02 /* RecentSearchCell.swift in Sources */ = {isa = PBXBuildFile; fileRef = A8FD7594258C05BD00AAFA02 /* RecentSearchCell.swift */; };
		A8FD759B258C0F2B00AAFA02 /* DataBaseUtils.swift in Sources */ = {isa = PBXBuildFile; fileRef = A8FD759A258C0F2B00AAFA02 /* DataBaseUtils.swift */; };
/* End PBXBuildFile section */

/* Begin PBXContainerItemProxy section */
		A87F20BE25866C3F007B9872 /* PBXContainerItemProxy */ = {
			isa = PBXContainerItemProxy;
			containerPortal = A87F209C25866C3C007B9872 /* Project object */;
			proxyType = 1;
			remoteGlobalIDString = A87F20A325866C3C007B9872;
			remoteInfo = PixbayApp;
		};
		A87F20C925866C3F007B9872 /* PBXContainerItemProxy */ = {
			isa = PBXContainerItemProxy;
			containerPortal = A87F209C25866C3C007B9872 /* Project object */;
			proxyType = 1;
			remoteGlobalIDString = A87F20A325866C3C007B9872;
			remoteInfo = PixbayApp;
		};
/* End PBXContainerItemProxy section */

/* Begin PBXFileReference section */
		A81960A32586768800100CB7 /* NetworkAPI.swift */ = {isa = PBXFileReference; lastKnownFileType = sourcecode.swift; path = NetworkAPI.swift; sourceTree = "<group>"; };
		A81960AB258676EF00100CB7 /* NetworkService.swift */ = {isa = PBXFileReference; lastKnownFileType = sourcecode.swift; path = NetworkService.swift; sourceTree = "<group>"; };
		A81960B02586771800100CB7 /* NetworkError.swift */ = {isa = PBXFileReference; lastKnownFileType = sourcecode.swift; path = NetworkError.swift; sourceTree = "<group>"; };
		A81960B52586775900100CB7 /* NetworkAPIEndPoint.swift */ = {isa = PBXFileReference; lastKnownFileType = sourcecode.swift; path = NetworkAPIEndPoint.swift; sourceTree = "<group>"; };
		A81960BA2586780C00100CB7 /* URLRequestable.swift */ = {isa = PBXFileReference; lastKnownFileType = sourcecode.swift; path = URLRequestable.swift; sourceTree = "<group>"; };
		A81960BF25868D2A00100CB7 /* ImageDownloader.swift */ = {isa = PBXFileReference; lastKnownFileType = sourcecode.swift; path = ImageDownloader.swift; sourceTree = "<group>"; };
		A81960C425868D5400100CB7 /* ImageOperation.swift */ = {isa = PBXFileReference; lastKnownFileType = sourcecode.swift; path = ImageOperation.swift; sourceTree = "<group>"; };
		A81960CB25868E6200100CB7 /* UIImageViewX.swift */ = {isa = PBXFileReference; fileEncoding = 4; lastKnownFileType = sourcecode.swift; path = UIImageViewX.swift; sourceTree = "<group>"; };
		A81960CC25868E6200100CB7 /* UIViewControllerX.swift */ = {isa = PBXFileReference; fileEncoding = 4; lastKnownFileType = sourcecode.swift; path = UIViewControllerX.swift; sourceTree = "<group>"; };
		A81960CD25868E6200100CB7 /* UIImageX.swift */ = {isa = PBXFileReference; fileEncoding = 4; lastKnownFileType = sourcecode.swift; path = UIImageX.swift; sourceTree = "<group>"; };
		A81960CE25868E6200100CB7 /* FontX.swift */ = {isa = PBXFileReference; fileEncoding = 4; lastKnownFileType = sourcecode.swift; path = FontX.swift; sourceTree = "<group>"; };
		A81960CF25868E6200100CB7 /* CollectionViewX.swift */ = {isa = PBXFileReference; fileEncoding = 4; lastKnownFileType = sourcecode.swift; path = CollectionViewX.swift; sourceTree = "<group>"; };
		A81960D025868E6200100CB7 /* ConstraintsX.swift */ = {isa = PBXFileReference; fileEncoding = 4; lastKnownFileType = sourcecode.swift; path = ConstraintsX.swift; sourceTree = "<group>"; };
		A81960D125868E6200100CB7 /* ViewX.swift */ = {isa = PBXFileReference; fileEncoding = 4; lastKnownFileType = sourcecode.swift; path = ViewX.swift; sourceTree = "<group>"; };
		A81960D225868E6200100CB7 /* UIColorX.swift */ = {isa = PBXFileReference; fileEncoding = 4; lastKnownFileType = sourcecode.swift; path = UIColorX.swift; sourceTree = "<group>"; };
		A81960DF25868E9000100CB7 /* Constants.swift */ = {isa = PBXFileReference; fileEncoding = 4; lastKnownFileType = sourcecode.swift; path = Constants.swift; sourceTree = "<group>"; };
		A81960E5258691CB00100CB7 /* Reusable.swift */ = {isa = PBXFileReference; lastKnownFileType = sourcecode.swift; path = Reusable.swift; sourceTree = "<group>"; };
		A819612E2589164D00100CB7 /* GalleryProtocols.swift */ = {isa = PBXFileReference; lastKnownFileType = sourcecode.swift; path = GalleryProtocols.swift; sourceTree = "<group>"; };
		A8519D612589397000070721 /* GalleryModels.swift */ = {isa = PBXFileReference; lastKnownFileType = sourcecode.swift; path = GalleryModels.swift; sourceTree = "<group>"; };
		A8519D66258939E700070721 /* GalleryViewModel.swift */ = {isa = PBXFileReference; lastKnownFileType = sourcecode.swift; path = GalleryViewModel.swift; sourceTree = "<group>"; };
		A8519D6B25893B9300070721 /* GalleryVC.swift */ = {isa = PBXFileReference; lastKnownFileType = sourcecode.swift; path = GalleryVC.swift; sourceTree = "<group>"; };
		A8519D7025893BF600070721 /* SearchVC.swift */ = {isa = PBXFileReference; lastKnownFileType = sourcecode.swift; path = SearchVC.swift; sourceTree = "<group>"; };
		A8519D7625893CE600070721 /* ImageCell.swift */ = {isa = PBXFileReference; lastKnownFileType = sourcecode.swift; path = ImageCell.swift; sourceTree = "<group>"; };
		A8519D7B258941AF00070721 /* FooterView.swift */ = {isa = PBXFileReference; lastKnownFileType = sourcecode.swift; path = FooterView.swift; sourceTree = "<group>"; };
		A8519D80258943D500070721 /* GalleryPresenter.swift */ = {isa = PBXFileReference; lastKnownFileType = sourcecode.swift; path = GalleryPresenter.swift; sourceTree = "<group>"; };
		A8519D8825894BBB00070721 /* GalleryInteractor.swift */ = {isa = PBXFileReference; lastKnownFileType = sourcecode.swift; path = GalleryInteractor.swift; sourceTree = "<group>"; };
		A8519D9325894F7E00070721 /* GalleryModuleBuilder.swift */ = {isa = PBXFileReference; lastKnownFileType = sourcecode.swift; path = GalleryModuleBuilder.swift; sourceTree = "<group>"; };
		A8519D982589501300070721 /* GalleryRouter.swift */ = {isa = PBXFileReference; lastKnownFileType = sourcecode.swift; path = GalleryRouter.swift; sourceTree = "<group>"; };
		A8519D9D258950D600070721 /* NavigationControllerX.swift */ = {isa = PBXFileReference; lastKnownFileType = sourcecode.swift; path = NavigationControllerX.swift; sourceTree = "<group>"; };
		A87F20A425866C3C007B9872 /* PixbayApp.app */ = {isa = PBXFileReference; explicitFileType = wrapper.application; includeInIndex = 0; path = PixbayApp.app; sourceTree = BUILT_PRODUCTS_DIR; };
		A87F20A725866C3C007B9872 /* AppDelegate.swift */ = {isa = PBXFileReference; lastKnownFileType = sourcecode.swift; path = AppDelegate.swift; sourceTree = "<group>"; };
		A87F20AB25866C3C007B9872 /* ViewController.swift */ = {isa = PBXFileReference; lastKnownFileType = sourcecode.swift; path = ViewController.swift; sourceTree = "<group>"; };
		A87F20B125866C3C007B9872 /* PixbayApp.xcdatamodel */ = {isa = PBXFileReference; lastKnownFileType = wrapper.xcdatamodel; path = PixbayApp.xcdatamodel; sourceTree = "<group>"; };
		A87F20B325866C3F007B9872 /* Assets.xcassets */ = {isa = PBXFileReference; lastKnownFileType = folder.assetcatalog; path = Assets.xcassets; sourceTree = "<group>"; };
		A87F20B625866C3F007B9872 /* Base */ = {isa = PBXFileReference; lastKnownFileType = file.storyboard; name = Base; path = Base.lproj/LaunchScreen.storyboard; sourceTree = "<group>"; };
		A87F20B825866C3F007B9872 /* Info.plist */ = {isa = PBXFileReference; lastKnownFileType = text.plist.xml; path = Info.plist; sourceTree = "<group>"; };
		A87F20BD25866C3F007B9872 /* PixbayAppTests.xctest */ = {isa = PBXFileReference; explicitFileType = wrapper.cfbundle; includeInIndex = 0; path = PixbayAppTests.xctest; sourceTree = BUILT_PRODUCTS_DIR; };
		A87F20C125866C3F007B9872 /* PixbayAppTests.swift */ = {isa = PBXFileReference; lastKnownFileType = sourcecode.swift; path = PixbayAppTests.swift; sourceTree = "<group>"; };
		A87F20C325866C3F007B9872 /* Info.plist */ = {isa = PBXFileReference; lastKnownFileType = text.plist.xml; path = Info.plist; sourceTree = "<group>"; };
		A87F20C825866C3F007B9872 /* PixbayAppUITests.xctest */ = {isa = PBXFileReference; explicitFileType = wrapper.cfbundle; includeInIndex = 0; path = PixbayAppUITests.xctest; sourceTree = BUILT_PRODUCTS_DIR; };
		A87F20CC25866C3F007B9872 /* PixbayAppUITests.swift */ = {isa = PBXFileReference; lastKnownFileType = sourcecode.swift; path = PixbayAppUITests.swift; sourceTree = "<group>"; };
		A87F20CE25866C3F007B9872 /* Info.plist */ = {isa = PBXFileReference; lastKnownFileType = text.plist.xml; path = Info.plist; sourceTree = "<group>"; };
		A87F20E325866D0A007B9872 /* AppBuilder.swift */ = {isa = PBXFileReference; lastKnownFileType = sourcecode.swift; path = AppBuilder.swift; sourceTree = "<group>"; };
		A8923A02258A51CD00700D84 /* PhotoVC.swift */ = {isa = PBXFileReference; lastKnownFileType = sourcecode.swift; path = PhotoVC.swift; sourceTree = "<group>"; };
		A8FD755E258BB1CB00AAFA02 /* GalleryPageVC.swift */ = {isa = PBXFileReference; lastKnownFileType = sourcecode.swift; path = GalleryPageVC.swift; sourceTree = "<group>"; };
		A8FD756F258BDB1C00AAFA02 /* GalleryPagePresenter.swift */ = {isa = PBXFileReference; lastKnownFileType = sourcecode.swift; path = GalleryPagePresenter.swift; sourceTree = "<group>"; };
		A8FD7574258BDB5B00AAFA02 /* GalleryPageInteractor.swift */ = {isa = PBXFileReference; lastKnownFileType = sourcecode.swift; path = GalleryPageInteractor.swift; sourceTree = "<group>"; };
		A8FD7579258BDB6D00AAFA02 /* GalleryPageBuilder.swift */ = {isa = PBXFileReference; lastKnownFileType = sourcecode.swift; path = GalleryPageBuilder.swift; sourceTree = "<group>"; };
		A8FD757E258BDB8C00AAFA02 /* GalleryPageProtocols.swift */ = {isa = PBXFileReference; lastKnownFileType = sourcecode.swift; path = GalleryPageProtocols.swift; sourceTree = "<group>"; };
		A8FD758F258BFCDF00AAFA02 /* CacheManager.swift */ = {isa = PBXFileReference; lastKnownFileType = sourcecode.swift; path = CacheManager.swift; sourceTree = "<group>"; };
		A8FD7594258C05BD00AAFA02 /* RecentSearchCell.swift */ = {isa = PBXFileReference; lastKnownFileType = sourcecode.swift; path = RecentSearchCell.swift; sourceTree = "<group>"; };
		A8FD759A258C0F2B00AAFA02 /* DataBaseUtils.swift */ = {isa = PBXFileReference; lastKnownFileType = sourcecode.swift; path = DataBaseUtils.swift; sourceTree = "<group>"; };
/* End PBXFileReference section */

/* Begin PBXFrameworksBuildPhase section */
		A87F20A125866C3C007B9872 /* Frameworks */ = {
			isa = PBXFrameworksBuildPhase;
			buildActionMask = 2147483647;
			files = (
			);
			runOnlyForDeploymentPostprocessing = 0;
		};
		A87F20BA25866C3F007B9872 /* Frameworks */ = {
			isa = PBXFrameworksBuildPhase;
			buildActionMask = 2147483647;
			files = (
			);
			runOnlyForDeploymentPostprocessing = 0;
		};
		A87F20C525866C3F007B9872 /* Frameworks */ = {
			isa = PBXFrameworksBuildPhase;
			buildActionMask = 2147483647;
			files = (
			);
			runOnlyForDeploymentPostprocessing = 0;
		};
/* End PBXFrameworksBuildPhase section */

/* Begin PBXGroup section */
		A819609A258675D200100CB7 /* Supporting Files */ = {
			isa = PBXGroup;
			children = (
				A87F20B825866C3F007B9872 /* Info.plist */,
				A87F20B025866C3C007B9872 /* PixbayApp.xcdatamodeld */,
				A87F20B525866C3F007B9872 /* LaunchScreen.storyboard */,
				A87F20B325866C3F007B9872 /* Assets.xcassets */,
			);
			name = "Supporting Files";
			sourceTree = "<group>";
		};
		A81960A1258675F400100CB7 /* Common */ = {
			isa = PBXGroup;
			children = (
				A8FD7599258C0F1D00AAFA02 /* Utils */,
				A81960E4258691BE00100CB7 /* Protocols */,
				A81960DE25868E8200100CB7 /* Constants */,
				A81960CA25868E4500100CB7 /* Extensions */,
				A81960A22586760500100CB7 /* Network Manager */,
			);
			name = Common;
			sourceTree = "<group>";
		};
		A81960A22586760500100CB7 /* Network Manager */ = {
			isa = PBXGroup;
			children = (
				A81960A32586768800100CB7 /* NetworkAPI.swift */,
				A81960AB258676EF00100CB7 /* NetworkService.swift */,
				A81960B02586771800100CB7 /* NetworkError.swift */,
				A81960B52586775900100CB7 /* NetworkAPIEndPoint.swift */,
				A81960BA2586780C00100CB7 /* URLRequestable.swift */,
				A81960BF25868D2A00100CB7 /* ImageDownloader.swift */,
				A81960C425868D5400100CB7 /* ImageOperation.swift */,
			);
			name = "Network Manager";
			sourceTree = "<group>";
		};
		A81960C925868DEE00100CB7 /* Application Files */ = {
			isa = PBXGroup;
			children = (
				A87F20A725866C3C007B9872 /* AppDelegate.swift */,
				A87F20E325866D0A007B9872 /* AppBuilder.swift */,
			);
			name = "Application Files";
			sourceTree = "<group>";
		};
		A81960CA25868E4500100CB7 /* Extensions */ = {
			isa = PBXGroup;
			children = (
				A81960CF25868E6200100CB7 /* CollectionViewX.swift */,
				A81960D025868E6200100CB7 /* ConstraintsX.swift */,
				A81960CE25868E6200100CB7 /* FontX.swift */,
				A81960D225868E6200100CB7 /* UIColorX.swift */,
				A81960CB25868E6200100CB7 /* UIImageViewX.swift */,
				A81960CD25868E6200100CB7 /* UIImageX.swift */,
				A81960CC25868E6200100CB7 /* UIViewControllerX.swift */,
				A81960D125868E6200100CB7 /* ViewX.swift */,
				A8519D9D258950D600070721 /* NavigationControllerX.swift */,
			);
			name = Extensions;
			sourceTree = "<group>";
		};
		A81960DE25868E8200100CB7 /* Constants */ = {
			isa = PBXGroup;
			children = (
				A81960DF25868E9000100CB7 /* Constants.swift */,
			);
			name = Constants;
			sourceTree = "<group>";
		};
		A81960E4258691BE00100CB7 /* Protocols */ = {
			isa = PBXGroup;
			children = (
				A81960E5258691CB00100CB7 /* Reusable.swift */,
			);
			name = Protocols;
			sourceTree = "<group>";
		};
		A819612C2589160100100CB7 /* Modules */ = {
			isa = PBXGroup;
			children = (
				A819612D2589161200100CB7 /* Gallery */,
				A8FD755D258BB1B000AAFA02 /* Pages */,
			);
			name = Modules;
			sourceTree = "<group>";
		};
		A819612D2589161200100CB7 /* Gallery */ = {
			isa = PBXGroup;
			children = (
				A8FD758E258BFCCC00AAFA02 /* CacheManager */,
				A8519DA82589522500070721 /* Protocols */,
				A8519D7525893CD300070721 /* Views */,
				A8519DA6258951FF00070721 /* Presenter */,
				A8519DA5258951EF00070721 /* Interactor */,
				A8519DA72589520D00070721 /* Entity */,
				A8519DAA2589523900070721 /* Router */,
				A8519DA92589523200070721 /* Builder */,
			);
			name = Gallery;
			sourceTree = "<group>";
		};
		A8519D7525893CD300070721 /* Views */ = {
			isa = PBXGroup;
			children = (
				A8519D6B25893B9300070721 /* GalleryVC.swift */,
				A8519D7025893BF600070721 /* SearchVC.swift */,
				A8519D7625893CE600070721 /* ImageCell.swift */,
				A8519D7B258941AF00070721 /* FooterView.swift */,
				A8FD7594258C05BD00AAFA02 /* RecentSearchCell.swift */,
			);
			name = Views;
			sourceTree = "<group>";
		};
		A8519DA5258951EF00070721 /* Interactor */ = {
			isa = PBXGroup;
			children = (
				A8519D8825894BBB00070721 /* GalleryInteractor.swift */,
			);
			name = Interactor;
			sourceTree = "<group>";
		};
		A8519DA6258951FF00070721 /* Presenter */ = {
			isa = PBXGroup;
			children = (
				A8519D66258939E700070721 /* GalleryViewModel.swift */,
				A8519D80258943D500070721 /* GalleryPresenter.swift */,
			);
			name = Presenter;
			sourceTree = "<group>";
		};
		A8519DA72589520D00070721 /* Entity */ = {
			isa = PBXGroup;
			children = (
				A8519D612589397000070721 /* GalleryModels.swift */,
			);
			name = Entity;
			sourceTree = "<group>";
		};
		A8519DA82589522500070721 /* Protocols */ = {
			isa = PBXGroup;
			children = (
				A819612E2589164D00100CB7 /* GalleryProtocols.swift */,
			);
			name = Protocols;
			sourceTree = "<group>";
		};
		A8519DA92589523200070721 /* Builder */ = {
			isa = PBXGroup;
			children = (
				A8519D9325894F7E00070721 /* GalleryModuleBuilder.swift */,
			);
			name = Builder;
			sourceTree = "<group>";
		};
		A8519DAA2589523900070721 /* Router */ = {
			isa = PBXGroup;
			children = (
				A8519D982589501300070721 /* GalleryRouter.swift */,
			);
			name = Router;
			sourceTree = "<group>";
		};
		A87F209B25866C3C007B9872 = {
			isa = PBXGroup;
			children = (
				A87F20A625866C3C007B9872 /* PixbayApp */,
				A87F20C025866C3F007B9872 /* PixbayAppTests */,
				A87F20CB25866C3F007B9872 /* PixbayAppUITests */,
				A87F20A525866C3C007B9872 /* Products */,
			);
			sourceTree = "<group>";
		};
		A87F20A525866C3C007B9872 /* Products */ = {
			isa = PBXGroup;
			children = (
				A87F20A425866C3C007B9872 /* PixbayApp.app */,
				A87F20BD25866C3F007B9872 /* PixbayAppTests.xctest */,
				A87F20C825866C3F007B9872 /* PixbayAppUITests.xctest */,
			);
			name = Products;
			sourceTree = "<group>";
		};
		A87F20A625866C3C007B9872 /* PixbayApp */ = {
			isa = PBXGroup;
			children = (
				A819612C2589160100100CB7 /* Modules */,
				A81960C925868DEE00100CB7 /* Application Files */,
				A81960A1258675F400100CB7 /* Common */,
				A819609A258675D200100CB7 /* Supporting Files */,
				A87F20AB25866C3C007B9872 /* ViewController.swift */,
			);
			path = PixbayApp;
			sourceTree = "<group>";
		};
		A87F20C025866C3F007B9872 /* PixbayAppTests */ = {
			isa = PBXGroup;
			children = (
				A87F20C125866C3F007B9872 /* PixbayAppTests.swift */,
				A87F20C325866C3F007B9872 /* Info.plist */,
			);
			path = PixbayAppTests;
			sourceTree = "<group>";
		};
		A87F20CB25866C3F007B9872 /* PixbayAppUITests */ = {
			isa = PBXGroup;
			children = (
				A87F20CC25866C3F007B9872 /* PixbayAppUITests.swift */,
				A87F20CE25866C3F007B9872 /* Info.plist */,
			);
			path = PixbayAppUITests;
			sourceTree = "<group>";
		};
		A8FD755D258BB1B000AAFA02 /* Pages */ = {
			isa = PBXGroup;
			children = (
				A8FD755E258BB1CB00AAFA02 /* GalleryPageVC.swift */,
				A8FD757E258BDB8C00AAFA02 /* GalleryPageProtocols.swift */,
				A8923A02258A51CD00700D84 /* PhotoVC.swift */,
				A8FD756F258BDB1C00AAFA02 /* GalleryPagePresenter.swift */,
				A8FD7574258BDB5B00AAFA02 /* GalleryPageInteractor.swift */,
				A8FD7579258BDB6D00AAFA02 /* GalleryPageBuilder.swift */,
			);
			name = Pages;
			sourceTree = "<group>";
		};
		A8FD758E258BFCCC00AAFA02 /* CacheManager */ = {
			isa = PBXGroup;
			children = (
				A8FD758F258BFCDF00AAFA02 /* CacheManager.swift */,
			);
			name = CacheManager;
			sourceTree = "<group>";
		};
		A8FD7599258C0F1D00AAFA02 /* Utils */ = {
			isa = PBXGroup;
			children = (
				A8FD759A258C0F2B00AAFA02 /* DataBaseUtils.swift */,
			);
			name = Utils;
			sourceTree = "<group>";
		};
/* End PBXGroup section */

/* Begin PBXNativeTarget section */
		A87F20A325866C3C007B9872 /* PixbayApp */ = {
			isa = PBXNativeTarget;
			buildConfigurationList = A87F20D125866C3F007B9872 /* Build configuration list for PBXNativeTarget "PixbayApp" */;
			buildPhases = (
				A87F20A025866C3C007B9872 /* Sources */,
				A87F20A125866C3C007B9872 /* Frameworks */,
				A87F20A225866C3C007B9872 /* Resources */,
			);
			buildRules = (
			);
			dependencies = (
			);
			name = PixbayApp;
			productName = PixbayApp;
			productReference = A87F20A425866C3C007B9872 /* PixbayApp.app */;
			productType = "com.apple.product-type.application";
		};
		A87F20BC25866C3F007B9872 /* PixbayAppTests */ = {
			isa = PBXNativeTarget;
			buildConfigurationList = A87F20D425866C3F007B9872 /* Build configuration list for PBXNativeTarget "PixbayAppTests" */;
			buildPhases = (
				A87F20B925866C3F007B9872 /* Sources */,
				A87F20BA25866C3F007B9872 /* Frameworks */,
				A87F20BB25866C3F007B9872 /* Resources */,
			);
			buildRules = (
			);
			dependencies = (
				A87F20BF25866C3F007B9872 /* PBXTargetDependency */,
			);
			name = PixbayAppTests;
			productName = PixbayAppTests;
			productReference = A87F20BD25866C3F007B9872 /* PixbayAppTests.xctest */;
			productType = "com.apple.product-type.bundle.unit-test";
		};
		A87F20C725866C3F007B9872 /* PixbayAppUITests */ = {
			isa = PBXNativeTarget;
			buildConfigurationList = A87F20D725866C3F007B9872 /* Build configuration list for PBXNativeTarget "PixbayAppUITests" */;
			buildPhases = (
				A87F20C425866C3F007B9872 /* Sources */,
				A87F20C525866C3F007B9872 /* Frameworks */,
				A87F20C625866C3F007B9872 /* Resources */,
			);
			buildRules = (
			);
			dependencies = (
				A87F20CA25866C3F007B9872 /* PBXTargetDependency */,
			);
			name = PixbayAppUITests;
			productName = PixbayAppUITests;
			productReference = A87F20C825866C3F007B9872 /* PixbayAppUITests.xctest */;
			productType = "com.apple.product-type.bundle.ui-testing";
		};
/* End PBXNativeTarget section */

/* Begin PBXProject section */
		A87F209C25866C3C007B9872 /* Project object */ = {
			isa = PBXProject;
			attributes = {
				LastSwiftUpdateCheck = 1220;
				LastUpgradeCheck = 1220;
				TargetAttributes = {
					A87F20A325866C3C007B9872 = {
						CreatedOnToolsVersion = 12.2;
					};
					A87F20BC25866C3F007B9872 = {
						CreatedOnToolsVersion = 12.2;
						TestTargetID = A87F20A325866C3C007B9872;
					};
					A87F20C725866C3F007B9872 = {
						CreatedOnToolsVersion = 12.2;
						TestTargetID = A87F20A325866C3C007B9872;
					};
				};
			};
			buildConfigurationList = A87F209F25866C3C007B9872 /* Build configuration list for PBXProject "PixbayApp" */;
			compatibilityVersion = "Xcode 9.3";
			developmentRegion = en;
			hasScannedForEncodings = 0;
			knownRegions = (
				en,
				Base,
			);
			mainGroup = A87F209B25866C3C007B9872;
			productRefGroup = A87F20A525866C3C007B9872 /* Products */;
			projectDirPath = "";
			projectRoot = "";
			targets = (
				A87F20A325866C3C007B9872 /* PixbayApp */,
				A87F20BC25866C3F007B9872 /* PixbayAppTests */,
				A87F20C725866C3F007B9872 /* PixbayAppUITests */,
			);
		};
/* End PBXProject section */

/* Begin PBXResourcesBuildPhase section */
		A87F20A225866C3C007B9872 /* Resources */ = {
			isa = PBXResourcesBuildPhase;
			buildActionMask = 2147483647;
			files = (
				A87F20B725866C3F007B9872 /* LaunchScreen.storyboard in Resources */,
				A87F20B425866C3F007B9872 /* Assets.xcassets in Resources */,
			);
			runOnlyForDeploymentPostprocessing = 0;
		};
		A87F20BB25866C3F007B9872 /* Resources */ = {
			isa = PBXResourcesBuildPhase;
			buildActionMask = 2147483647;
			files = (
			);
			runOnlyForDeploymentPostprocessing = 0;
		};
		A87F20C625866C3F007B9872 /* Resources */ = {
			isa = PBXResourcesBuildPhase;
			buildActionMask = 2147483647;
			files = (
			);
			runOnlyForDeploymentPostprocessing = 0;
		};
/* End PBXResourcesBuildPhase section */

/* Begin PBXSourcesBuildPhase section */
		A87F20A025866C3C007B9872 /* Sources */ = {
			isa = PBXSourcesBuildPhase;
			buildActionMask = 2147483647;
			files = (
				A8FD759B258C0F2B00AAFA02 /* DataBaseUtils.swift in Sources */,
				A81960D525868E6300100CB7 /* UIImageX.swift in Sources */,
				A8519D7C258941AF00070721 /* FooterView.swift in Sources */,
				A8519D6C25893B9300070721 /* GalleryVC.swift in Sources */,
				A8FD7575258BDB5B00AAFA02 /* GalleryPageInteractor.swift in Sources */,
				A8519D622589397000070721 /* GalleryModels.swift in Sources */,
				A81960B62586775900100CB7 /* NetworkAPIEndPoint.swift in Sources */,
				A87F20B225866C3C007B9872 /* PixbayApp.xcdatamodeld in Sources */,
				A8FD7570258BDB1C00AAFA02 /* GalleryPagePresenter.swift in Sources */,
				A81960B12586771800100CB7 /* NetworkError.swift in Sources */,
				A81960A42586768800100CB7 /* NetworkAPI.swift in Sources */,
				A81960D625868E6300100CB7 /* FontX.swift in Sources */,
				A81960E6258691CB00100CB7 /* Reusable.swift in Sources */,
				A8FD757F258BDB8C00AAFA02 /* GalleryPageProtocols.swift in Sources */,
				A81960BB2586780C00100CB7 /* URLRequestable.swift in Sources */,
				A8519D7125893BF600070721 /* SearchVC.swift in Sources */,
				A8923A03258A51CD00700D84 /* PhotoVC.swift in Sources */,
				A8519D7725893CE600070721 /* ImageCell.swift in Sources */,
				A87F20AC25866C3C007B9872 /* ViewController.swift in Sources */,
				A8519D9E258950D600070721 /* NavigationControllerX.swift in Sources */,
				A8FD755F258BB1CB00AAFA02 /* GalleryPageVC.swift in Sources */,
				A8519D81258943D500070721 /* GalleryPresenter.swift in Sources */,
				A81960D825868E6300100CB7 /* ConstraintsX.swift in Sources */,
				A81960C025868D2A00100CB7 /* ImageDownloader.swift in Sources */,
				A8519D8925894BBB00070721 /* GalleryInteractor.swift in Sources */,
				A81960D425868E6300100CB7 /* UIViewControllerX.swift in Sources */,
				A8519D67258939E700070721 /* GalleryViewModel.swift in Sources */,
				A87F20A825866C3C007B9872 /* AppDelegate.swift in Sources */,
				A81960C525868D5400100CB7 /* ImageOperation.swift in Sources */,
				A8FD757A258BDB6D00AAFA02 /* GalleryPageBuilder.swift in Sources */,
				A81960D325868E6300100CB7 /* UIImageViewX.swift in Sources */,
				A81960DA25868E6300100CB7 /* UIColorX.swift in Sources */,
				A81960E025868E9000100CB7 /* Constants.swift in Sources */,
				A81960AC258676EF00100CB7 /* NetworkService.swift in Sources */,
				A81960D925868E6300100CB7 /* ViewX.swift in Sources */,
				A87F20E425866D0A007B9872 /* AppBuilder.swift in Sources */,
				A8FD7595258C05BD00AAFA02 /* RecentSearchCell.swift in Sources */,
				A819612F2589164D00100CB7 /* GalleryProtocols.swift in Sources */,
				A8FD7590258BFCDF00AAFA02 /* CacheManager.swift in Sources */,
				A8519D9425894F7E00070721 /* GalleryModuleBuilder.swift in Sources */,
				A81960D725868E6300100CB7 /* CollectionViewX.swift in Sources */,
				A8519D992589501300070721 /* GalleryRouter.swift in Sources */,
			);
			runOnlyForDeploymentPostprocessing = 0;
		};
		A87F20B925866C3F007B9872 /* Sources */ = {
			isa = PBXSourcesBuildPhase;
			buildActionMask = 2147483647;
			files = (
				A87F20C225866C3F007B9872 /* PixbayAppTests.swift in Sources */,
			);
			runOnlyForDeploymentPostprocessing = 0;
		};
		A87F20C425866C3F007B9872 /* Sources */ = {
			isa = PBXSourcesBuildPhase;
			buildActionMask = 2147483647;
			files = (
				A87F20CD25866C3F007B9872 /* PixbayAppUITests.swift in Sources */,
			);
			runOnlyForDeploymentPostprocessing = 0;
		};
/* End PBXSourcesBuildPhase section */

/* Begin PBXTargetDependency section */
		A87F20BF25866C3F007B9872 /* PBXTargetDependency */ = {
			isa = PBXTargetDependency;
			target = A87F20A325866C3C007B9872 /* PixbayApp */;
			targetProxy = A87F20BE25866C3F007B9872 /* PBXContainerItemProxy */;
		};
		A87F20CA25866C3F007B9872 /* PBXTargetDependency */ = {
			isa = PBXTargetDependency;
			target = A87F20A325866C3C007B9872 /* PixbayApp */;
			targetProxy = A87F20C925866C3F007B9872 /* PBXContainerItemProxy */;
		};
/* End PBXTargetDependency section */

/* Begin PBXVariantGroup section */
		A87F20B525866C3F007B9872 /* LaunchScreen.storyboard */ = {
			isa = PBXVariantGroup;
			children = (
				A87F20B625866C3F007B9872 /* Base */,
			);
			name = LaunchScreen.storyboard;
			sourceTree = "<group>";
		};
/* End PBXVariantGroup section */

/* Begin XCBuildConfiguration section */
		A87F20CF25866C3F007B9872 /* Debug */ = {
			isa = XCBuildConfiguration;
			buildSettings = {
				ALWAYS_SEARCH_USER_PATHS = NO;
				CLANG_ANALYZER_NONNULL = YES;
				CLANG_ANALYZER_NUMBER_OBJECT_CONVERSION = YES_AGGRESSIVE;
				CLANG_CXX_LANGUAGE_STANDARD = "gnu++14";
				CLANG_CXX_LIBRARY = "libc++";
				CLANG_ENABLE_MODULES = YES;
				CLANG_ENABLE_OBJC_ARC = YES;
				CLANG_ENABLE_OBJC_WEAK = YES;
				CLANG_WARN_BLOCK_CAPTURE_AUTORELEASING = YES;
				CLANG_WARN_BOOL_CONVERSION = YES;
				CLANG_WARN_COMMA = YES;
				CLANG_WARN_CONSTANT_CONVERSION = YES;
				CLANG_WARN_DEPRECATED_OBJC_IMPLEMENTATIONS = YES;
				CLANG_WARN_DIRECT_OBJC_ISA_USAGE = YES_ERROR;
				CLANG_WARN_DOCUMENTATION_COMMENTS = YES;
				CLANG_WARN_EMPTY_BODY = YES;
				CLANG_WARN_ENUM_CONVERSION = YES;
				CLANG_WARN_INFINITE_RECURSION = YES;
				CLANG_WARN_INT_CONVERSION = YES;
				CLANG_WARN_NON_LITERAL_NULL_CONVERSION = YES;
				CLANG_WARN_OBJC_IMPLICIT_RETAIN_SELF = YES;
				CLANG_WARN_OBJC_LITERAL_CONVERSION = YES;
				CLANG_WARN_OBJC_ROOT_CLASS = YES_ERROR;
				CLANG_WARN_QUOTED_INCLUDE_IN_FRAMEWORK_HEADER = YES;
				CLANG_WARN_RANGE_LOOP_ANALYSIS = YES;
				CLANG_WARN_STRICT_PROTOTYPES = YES;
				CLANG_WARN_SUSPICIOUS_MOVE = YES;
				CLANG_WARN_UNGUARDED_AVAILABILITY = YES_AGGRESSIVE;
				CLANG_WARN_UNREACHABLE_CODE = YES;
				CLANG_WARN__DUPLICATE_METHOD_MATCH = YES;
				COPY_PHASE_STRIP = NO;
				DEBUG_INFORMATION_FORMAT = dwarf;
				ENABLE_STRICT_OBJC_MSGSEND = YES;
				ENABLE_TESTABILITY = YES;
				GCC_C_LANGUAGE_STANDARD = gnu11;
				GCC_DYNAMIC_NO_PIC = NO;
				GCC_NO_COMMON_BLOCKS = YES;
				GCC_OPTIMIZATION_LEVEL = 0;
				GCC_PREPROCESSOR_DEFINITIONS = (
					"DEBUG=1",
					"$(inherited)",
				);
				GCC_WARN_64_TO_32_BIT_CONVERSION = YES;
				GCC_WARN_ABOUT_RETURN_TYPE = YES_ERROR;
				GCC_WARN_UNDECLARED_SELECTOR = YES;
				GCC_WARN_UNINITIALIZED_AUTOS = YES_AGGRESSIVE;
				GCC_WARN_UNUSED_FUNCTION = YES;
				GCC_WARN_UNUSED_VARIABLE = YES;
				IPHONEOS_DEPLOYMENT_TARGET = 14.2;
				MTL_ENABLE_DEBUG_INFO = INCLUDE_SOURCE;
				MTL_FAST_MATH = YES;
				ONLY_ACTIVE_ARCH = YES;
				SDKROOT = iphoneos;
				SWIFT_ACTIVE_COMPILATION_CONDITIONS = DEBUG;
				SWIFT_OPTIMIZATION_LEVEL = "-Onone";
			};
			name = Debug;
		};
		A87F20D025866C3F007B9872 /* Release */ = {
			isa = XCBuildConfiguration;
			buildSettings = {
				ALWAYS_SEARCH_USER_PATHS = NO;
				CLANG_ANALYZER_NONNULL = YES;
				CLANG_ANALYZER_NUMBER_OBJECT_CONVERSION = YES_AGGRESSIVE;
				CLANG_CXX_LANGUAGE_STANDARD = "gnu++14";
				CLANG_CXX_LIBRARY = "libc++";
				CLANG_ENABLE_MODULES = YES;
				CLANG_ENABLE_OBJC_ARC = YES;
				CLANG_ENABLE_OBJC_WEAK = YES;
				CLANG_WARN_BLOCK_CAPTURE_AUTORELEASING = YES;
				CLANG_WARN_BOOL_CONVERSION = YES;
				CLANG_WARN_COMMA = YES;
				CLANG_WARN_CONSTANT_CONVERSION = YES;
				CLANG_WARN_DEPRECATED_OBJC_IMPLEMENTATIONS = YES;
				CLANG_WARN_DIRECT_OBJC_ISA_USAGE = YES_ERROR;
				CLANG_WARN_DOCUMENTATION_COMMENTS = YES;
				CLANG_WARN_EMPTY_BODY = YES;
				CLANG_WARN_ENUM_CONVERSION = YES;
				CLANG_WARN_INFINITE_RECURSION = YES;
				CLANG_WARN_INT_CONVERSION = YES;
				CLANG_WARN_NON_LITERAL_NULL_CONVERSION = YES;
				CLANG_WARN_OBJC_IMPLICIT_RETAIN_SELF = YES;
				CLANG_WARN_OBJC_LITERAL_CONVERSION = YES;
				CLANG_WARN_OBJC_ROOT_CLASS = YES_ERROR;
				CLANG_WARN_QUOTED_INCLUDE_IN_FRAMEWORK_HEADER = YES;
				CLANG_WARN_RANGE_LOOP_ANALYSIS = YES;
				CLANG_WARN_STRICT_PROTOTYPES = YES;
				CLANG_WARN_SUSPICIOUS_MOVE = YES;
				CLANG_WARN_UNGUARDED_AVAILABILITY = YES_AGGRESSIVE;
				CLANG_WARN_UNREACHABLE_CODE = YES;
				CLANG_WARN__DUPLICATE_METHOD_MATCH = YES;
				COPY_PHASE_STRIP = NO;
				DEBUG_INFORMATION_FORMAT = "dwarf-with-dsym";
				ENABLE_NS_ASSERTIONS = NO;
				ENABLE_STRICT_OBJC_MSGSEND = YES;
				GCC_C_LANGUAGE_STANDARD = gnu11;
				GCC_NO_COMMON_BLOCKS = YES;
				GCC_WARN_64_TO_32_BIT_CONVERSION = YES;
				GCC_WARN_ABOUT_RETURN_TYPE = YES_ERROR;
				GCC_WARN_UNDECLARED_SELECTOR = YES;
				GCC_WARN_UNINITIALIZED_AUTOS = YES_AGGRESSIVE;
				GCC_WARN_UNUSED_FUNCTION = YES;
				GCC_WARN_UNUSED_VARIABLE = YES;
				IPHONEOS_DEPLOYMENT_TARGET = 14.2;
				MTL_ENABLE_DEBUG_INFO = NO;
				MTL_FAST_MATH = YES;
				SDKROOT = iphoneos;
				SWIFT_COMPILATION_MODE = wholemodule;
				SWIFT_OPTIMIZATION_LEVEL = "-O";
				VALIDATE_PRODUCT = YES;
			};
			name = Release;
		};
		A87F20D225866C3F007B9872 /* Debug */ = {
			isa = XCBuildConfiguration;
			buildSettings = {
				ASSETCATALOG_COMPILER_APPICON_NAME = AppIcon;
				ASSETCATALOG_COMPILER_GLOBAL_ACCENT_COLOR_NAME = AccentColor;
				CODE_SIGN_STYLE = Automatic;
				CURRENT_PROJECT_VERSION = 1.0.0;
				DEVELOPMENT_TEAM = KR4V4T66T8;
				INFOPLIST_FILE = PixbayApp/Info.plist;
				IPHONEOS_DEPLOYMENT_TARGET = 11.0;
				LD_RUNPATH_SEARCH_PATHS = (
					"$(inherited)",
					"@executable_path/Frameworks",
				);
				MARKETING_VERSION = 1.0.0;
				PRODUCT_BUNDLE_IDENTIFIER = abc.PixbayApp;
				PRODUCT_NAME = "$(TARGET_NAME)";
				SWIFT_VERSION = 5.0;
				TARGETED_DEVICE_FAMILY = "1,2";
			};
			name = Debug;
		};
		A87F20D325866C3F007B9872 /* Release */ = {
			isa = XCBuildConfiguration;
			buildSettings = {
				ASSETCATALOG_COMPILER_APPICON_NAME = AppIcon;
				ASSETCATALOG_COMPILER_GLOBAL_ACCENT_COLOR_NAME = AccentColor;
				CODE_SIGN_STYLE = Automatic;
				CURRENT_PROJECT_VERSION = 1.0.0;
				DEVELOPMENT_TEAM = KR4V4T66T8;
				INFOPLIST_FILE = PixbayApp/Info.plist;
				IPHONEOS_DEPLOYMENT_TARGET = 11.0;
				LD_RUNPATH_SEARCH_PATHS = (
					"$(inherited)",
					"@executable_path/Frameworks",
				);
				MARKETING_VERSION = 1.0.0;
				PRODUCT_BUNDLE_IDENTIFIER = abc.PixbayApp;
				PRODUCT_NAME = "$(TARGET_NAME)";
				SWIFT_VERSION = 5.0;
				TARGETED_DEVICE_FAMILY = "1,2";
			};
			name = Release;
		};
		A87F20D525866C3F007B9872 /* Debug */ = {
			isa = XCBuildConfiguration;
			buildSettings = {
				ALWAYS_EMBED_SWIFT_STANDARD_LIBRARIES = YES;
				BUNDLE_LOADER = "$(TEST_HOST)";
				CODE_SIGN_STYLE = Automatic;
				DEVELOPMENT_TEAM = KR4V4T66T8;
				INFOPLIST_FILE = PixbayAppTests/Info.plist;
				IPHONEOS_DEPLOYMENT_TARGET = 14.2;
				LD_RUNPATH_SEARCH_PATHS = (
					"$(inherited)",
					"@executable_path/Frameworks",
					"@loader_path/Frameworks",
				);
				PRODUCT_BUNDLE_IDENTIFIER = abc.PixbayAppTests;
				PRODUCT_NAME = "$(TARGET_NAME)";
				SWIFT_VERSION = 5.0;
				TARGETED_DEVICE_FAMILY = "1,2";
				TEST_HOST = "$(BUILT_PRODUCTS_DIR)/PixbayApp.app/PixbayApp";
			};
			name = Debug;
		};
		A87F20D625866C3F007B9872 /* Release */ = {
			isa = XCBuildConfiguration;
			buildSettings = {
				ALWAYS_EMBED_SWIFT_STANDARD_LIBRARIES = YES;
				BUNDLE_LOADER = "$(TEST_HOST)";
				CODE_SIGN_STYLE = Automatic;
				DEVELOPMENT_TEAM = KR4V4T66T8;
				INFOPLIST_FILE = PixbayAppTests/Info.plist;
				IPHONEOS_DEPLOYMENT_TARGET = 14.2;
				LD_RUNPATH_SEARCH_PATHS = (
					"$(inherited)",
					"@executable_path/Frameworks",
					"@loader_path/Frameworks",
				);
				PRODUCT_BUNDLE_IDENTIFIER = abc.PixbayAppTests;
				PRODUCT_NAME = "$(TARGET_NAME)";
				SWIFT_VERSION = 5.0;
				TARGETED_DEVICE_FAMILY = "1,2";
				TEST_HOST = "$(BUILT_PRODUCTS_DIR)/PixbayApp.app/PixbayApp";
			};
			name = Release;
		};
		A87F20D825866C3F007B9872 /* Debug */ = {
			isa = XCBuildConfiguration;
			buildSettings = {
				ALWAYS_EMBED_SWIFT_STANDARD_LIBRARIES = YES;
				CODE_SIGN_STYLE = Automatic;
				DEVELOPMENT_TEAM = KR4V4T66T8;
				INFOPLIST_FILE = PixbayAppUITests/Info.plist;
				LD_RUNPATH_SEARCH_PATHS = (
					"$(inherited)",
					"@executable_path/Frameworks",
					"@loader_path/Frameworks",
				);
				PRODUCT_BUNDLE_IDENTIFIER = abc.PixbayAppUITests;
				PRODUCT_NAME = "$(TARGET_NAME)";
				SWIFT_VERSION = 5.0;
				TARGETED_DEVICE_FAMILY = "1,2";
				TEST_TARGET_NAME = PixbayApp;
			};
			name = Debug;
		};
		A87F20D925866C3F007B9872 /* Release */ = {
			isa = XCBuildConfiguration;
			buildSettings = {
				ALWAYS_EMBED_SWIFT_STANDARD_LIBRARIES = YES;
				CODE_SIGN_STYLE = Automatic;
				DEVELOPMENT_TEAM = KR4V4T66T8;
				INFOPLIST_FILE = PixbayAppUITests/Info.plist;
				LD_RUNPATH_SEARCH_PATHS = (
					"$(inherited)",
					"@executable_path/Frameworks",
					"@loader_path/Frameworks",
				);
				PRODUCT_BUNDLE_IDENTIFIER = abc.PixbayAppUITests;
				PRODUCT_NAME = "$(TARGET_NAME)";
				SWIFT_VERSION = 5.0;
				TARGETED_DEVICE_FAMILY = "1,2";
				TEST_TARGET_NAME = PixbayApp;
			};
			name = Release;
		};
/* End XCBuildConfiguration section */

/* Begin XCConfigurationList section */
		A87F209F25866C3C007B9872 /* Build configuration list for PBXProject "PixbayApp" */ = {
			isa = XCConfigurationList;
			buildConfigurations = (
				A87F20CF25866C3F007B9872 /* Debug */,
				A87F20D025866C3F007B9872 /* Release */,
			);
			defaultConfigurationIsVisible = 0;
			defaultConfigurationName = Release;
		};
		A87F20D125866C3F007B9872 /* Build configuration list for PBXNativeTarget "PixbayApp" */ = {
			isa = XCConfigurationList;
			buildConfigurations = (
				A87F20D225866C3F007B9872 /* Debug */,
				A87F20D325866C3F007B9872 /* Release */,
			);
			defaultConfigurationIsVisible = 0;
			defaultConfigurationName = Release;
		};
		A87F20D425866C3F007B9872 /* Build configuration list for PBXNativeTarget "PixbayAppTests" */ = {
			isa = XCConfigurationList;
			buildConfigurations = (
				A87F20D525866C3F007B9872 /* Debug */,
				A87F20D625866C3F007B9872 /* Release */,
			);
			defaultConfigurationIsVisible = 0;
			defaultConfigurationName = Release;
		};
		A87F20D725866C3F007B9872 /* Build configuration list for PBXNativeTarget "PixbayAppUITests" */ = {
			isa = XCConfigurationList;
			buildConfigurations = (
				A87F20D825866C3F007B9872 /* Debug */,
				A87F20D925866C3F007B9872 /* Release */,
			);
			defaultConfigurationIsVisible = 0;
			defaultConfigurationName = Release;
		};
/* End XCConfigurationList section */

/* Begin XCVersionGroup section */
		A87F20B025866C3C007B9872 /* PixbayApp.xcdatamodeld */ = {
			isa = XCVersionGroup;
			children = (
				A87F20B125866C3C007B9872 /* PixbayApp.xcdatamodel */,
			);
			currentVersion = A87F20B125866C3C007B9872 /* PixbayApp.xcdatamodel */;
			path = PixbayApp.xcdatamodeld;
			sourceTree = "<group>";
			versionGroupType = wrapper.xcdatamodel;
		};
/* End XCVersionGroup section */
	};
	rootObject = A87F209C25866C3C007B9872 /* Project object */;
}
